// !$*UTF8*$!
{
	archiveVersion = 1;
	classes = {
	};
	objectVersion = 46;
	objects = {

/* Begin PBXBuildFile section */
		EC06A21A1F74E73600943340 /* rete.plist in Resources */ = {isa = PBXBuildFile; fileRef = EC06A2191F74E73600943340 /* rete.plist */; };
		EC6E38461F727CCF00CE98B9 /* AppDelegate.swift in Sources */ = {isa = PBXBuildFile; fileRef = EC6E38451F727CCF00CE98B9 /* AppDelegate.swift */; };
		EC6E38481F727CCF00CE98B9 /* ViewController.swift in Sources */ = {isa = PBXBuildFile; fileRef = EC6E38471F727CCF00CE98B9 /* ViewController.swift */; };
		EC6E384A1F727CCF00CE98B9 /* Assets.xcassets in Resources */ = {isa = PBXBuildFile; fileRef = EC6E38491F727CCF00CE98B9 /* Assets.xcassets */; };
		EC6E384D1F727CCF00CE98B9 /* Main.storyboard in Resources */ = {isa = PBXBuildFile; fileRef = EC6E384B1F727CCF00CE98B9 /* Main.storyboard */; };
		EC6E38561F727CF800CE98B9 /* libsqlite3.tbd in Frameworks */ = {isa = PBXBuildFile; fileRef = EC6E38551F727CF800CE98B9 /* libsqlite3.tbd */; };
		EC6E38601F7282BE00CE98B9 /* libsqlite3.0.tbd in Frameworks */ = {isa = PBXBuildFile; fileRef = EC6E385F1F7282BE00CE98B9 /* libsqlite3.0.tbd */; };
		EC6E38651F72D1EA00CE98B9 /* nodi.plist in Resources */ = {isa = PBXBuildFile; fileRef = EC6E38641F72D1EA00CE98B9 /* nodi.plist */; };
		EC875C721F73969900238810 /* Mobi.swift in Sources */ = {isa = PBXBuildFile; fileRef = EC875C711F73969900238810 /* Mobi.swift */; };
/* End PBXBuildFile section */

/* Begin PBXFileReference section */
		EC06A2191F74E73600943340 /* rete.plist */ = {isa = PBXFileReference; lastKnownFileType = text.plist.xml; path = rete.plist; sourceTree = "<group>"; };
		EC6E38421F727CCF00CE98B9 /* MOBI.app */ = {isa = PBXFileReference; explicitFileType = wrapper.application; includeInIndex = 0; path = MOBI.app; sourceTree = BUILT_PRODUCTS_DIR; };
		EC6E38451F727CCF00CE98B9 /* AppDelegate.swift */ = {isa = PBXFileReference; lastKnownFileType = sourcecode.swift; path = AppDelegate.swift; sourceTree = "<group>"; };
		EC6E38471F727CCF00CE98B9 /* ViewController.swift */ = {isa = PBXFileReference; lastKnownFileType = sourcecode.swift; path = ViewController.swift; sourceTree = "<group>"; };
		EC6E38491F727CCF00CE98B9 /* Assets.xcassets */ = {isa = PBXFileReference; lastKnownFileType = folder.assetcatalog; path = Assets.xcassets; sourceTree = "<group>"; };
		EC6E384C1F727CCF00CE98B9 /* Base */ = {isa = PBXFileReference; lastKnownFileType = file.storyboard; name = Base; path = Base.lproj/Main.storyboard; sourceTree = "<group>"; };
		EC6E384E1F727CCF00CE98B9 /* Info.plist */ = {isa = PBXFileReference; lastKnownFileType = text.plist.xml; path = Info.plist; sourceTree = "<group>"; };
		EC6E38551F727CF800CE98B9 /* libsqlite3.tbd */ = {isa = PBXFileReference; lastKnownFileType = "sourcecode.text-based-dylib-definition"; name = libsqlite3.tbd; path = usr/lib/libsqlite3.tbd; sourceTree = SDKROOT; };
		EC6E385F1F7282BE00CE98B9 /* libsqlite3.0.tbd */ = {isa = PBXFileReference; lastKnownFileType = "sourcecode.text-based-dylib-definition"; name = libsqlite3.0.tbd; path = usr/lib/libsqlite3.0.tbd; sourceTree = SDKROOT; };
		EC6E38641F72D1EA00CE98B9 /* nodi.plist */ = {isa = PBXFileReference; fileEncoding = 4; lastKnownFileType = text.plist.xml; path = nodi.plist; sourceTree = "<group>"; };
		EC875C711F73969900238810 /* Mobi.swift */ = {isa = PBXFileReference; lastKnownFileType = sourcecode.swift; path = Mobi.swift; sourceTree = "<group>"; };
/* End PBXFileReference section */

/* Begin PBXFrameworksBuildPhase section */
		EC6E383F1F727CCF00CE98B9 /* Frameworks */ = {
			isa = PBXFrameworksBuildPhase;
			buildActionMask = 2147483647;
			files = (
				EC6E38601F7282BE00CE98B9 /* libsqlite3.0.tbd in Frameworks */,
				EC6E38561F727CF800CE98B9 /* libsqlite3.tbd in Frameworks */,
			);
			runOnlyForDeploymentPostprocessing = 0;
		};
/* End PBXFrameworksBuildPhase section */

/* Begin PBXGroup section */
		EC6E38391F727CCF00CE98B9 = {
			isa = PBXGroup;
			children = (
				EC6E38441F727CCF00CE98B9 /* MOBI */,
				EC6E38431F727CCF00CE98B9 /* Products */,
				EC6E38541F727CF800CE98B9 /* Frameworks */,
			);
			sourceTree = "<group>";
		};
		EC6E38431F727CCF00CE98B9 /* Products */ = {
			isa = PBXGroup;
			children = (
				EC6E38421F727CCF00CE98B9 /* MOBI.app */,
			);
			name = Products;
			sourceTree = "<group>";
		};
		EC6E38441F727CCF00CE98B9 /* MOBI */ = {
			isa = PBXGroup;
			children = (
				EC6E38451F727CCF00CE98B9 /* AppDelegate.swift */,
				EC6E38471F727CCF00CE98B9 /* ViewController.swift */,
				EC6E38491F727CCF00CE98B9 /* Assets.xcassets */,
				EC06A2191F74E73600943340 /* rete.plist */,
				EC6E384B1F727CCF00CE98B9 /* Main.storyboard */,
				EC6E384E1F727CCF00CE98B9 /* Info.plist */,
				EC6E38641F72D1EA00CE98B9 /* nodi.plist */,
				EC875C711F73969900238810 /* Mobi.swift */,
			);
			path = MOBI;
			sourceTree = "<group>";
		};
		EC6E38541F727CF800CE98B9 /* Frameworks */ = {
			isa = PBXGroup;
			children = (
				EC6E385F1F7282BE00CE98B9 /* libsqlite3.0.tbd */,
				EC6E38551F727CF800CE98B9 /* libsqlite3.tbd */,
			);
			name = Frameworks;
			sourceTree = "<group>";
		};
/* End PBXGroup section */

/* Begin PBXNativeTarget section */
		EC6E38411F727CCF00CE98B9 /* MOBI */ = {
			isa = PBXNativeTarget;
			buildConfigurationList = EC6E38511F727CCF00CE98B9 /* Build configuration list for PBXNativeTarget "MOBI" */;
			buildPhases = (
				EC6E383E1F727CCF00CE98B9 /* Sources */,
				EC6E383F1F727CCF00CE98B9 /* Frameworks */,
				EC6E38401F727CCF00CE98B9 /* Resources */,
			);
			buildRules = (
			);
			dependencies = (
			);
			name = MOBI;
			productName = MOBI;
			productReference = EC6E38421F727CCF00CE98B9 /* MOBI.app */;
			productType = "com.apple.product-type.application";
		};
/* End PBXNativeTarget section */

/* Begin PBXProject section */
		EC6E383A1F727CCF00CE98B9 /* Project object */ = {
			isa = PBXProject;
			attributes = {
				LastSwiftUpdateCheck = 0830;
				LastUpgradeCheck = 0900;
				ORGANIZATIONNAME = "Michele Bigi";
				TargetAttributes = {
					EC6E38411F727CCF00CE98B9 = {
						CreatedOnToolsVersion = 8.3.3;
						LastSwiftMigration = 0900;
						ProvisioningStyle = Automatic;
					};
				};
			};
			buildConfigurationList = EC6E383D1F727CCF00CE98B9 /* Build configuration list for PBXProject "MOBI" */;
			compatibilityVersion = "Xcode 3.2";
			developmentRegion = English;
			hasScannedForEncodings = 0;
			knownRegions = (
				en,
				Base,
			);
			mainGroup = EC6E38391F727CCF00CE98B9;
			productRefGroup = EC6E38431F727CCF00CE98B9 /* Products */;
			projectDirPath = "";
			projectRoot = "";
			targets = (
				EC6E38411F727CCF00CE98B9 /* MOBI */,
			);
		};
/* End PBXProject section */

/* Begin PBXResourcesBuildPhase section */
		EC6E38401F727CCF00CE98B9 /* Resources */ = {
			isa = PBXResourcesBuildPhase;
			buildActionMask = 2147483647;
			files = (
				EC06A21A1F74E73600943340 /* rete.plist in Resources */,
				EC6E384A1F727CCF00CE98B9 /* Assets.xcassets in Resources */,
				EC6E38651F72D1EA00CE98B9 /* nodi.plist in Resources */,
				EC6E384D1F727CCF00CE98B9 /* Main.storyboard in Resources */,
			);
			runOnlyForDeploymentPostprocessing = 0;
		};
/* End PBXResourcesBuildPhase section */

/* Begin PBXSourcesBuildPhase section */
		EC6E383E1F727CCF00CE98B9 /* Sources */ = {
			isa = PBXSourcesBuildPhase;
			buildActionMask = 2147483647;
			files = (
				EC6E38481F727CCF00CE98B9 /* ViewController.swift in Sources */,
				EC6E38461F727CCF00CE98B9 /* AppDelegate.swift in Sources */,
				EC875C721F73969900238810 /* Mobi.swift in Sources */,
			);
			runOnlyForDeploymentPostprocessing = 0;
		};
/* End PBXSourcesBuildPhase section */

/* Begin PBXVariantGroup section */
		EC6E384B1F727CCF00CE98B9 /* Main.storyboard */ = {
			isa = PBXVariantGroup;
			children = (
				EC6E384C1F727CCF00CE98B9 /* Base */,
			);
			name = Main.storyboard;
			sourceTree = "<group>";
		};
/* End PBXVariantGroup section */

/* Begin XCBuildConfiguration section */
		EC6E384F1F727CCF00CE98B9 /* Debug */ = {
			isa = XCBuildConfiguration;
			buildSettings = {
				ALWAYS_SEARCH_USER_PATHS = NO;
				CLANG_ANALYZER_NONNULL = YES;
				CLANG_ANALYZER_NUMBER_OBJECT_CONVERSION = YES_AGGRESSIVE;
				CLANG_CXX_LANGUAGE_STANDARD = "gnu++0x";
				CLANG_CXX_LIBRARY = "libc++";
				CLANG_ENABLE_MODULES = YES;
				CLANG_ENABLE_OBJC_ARC = YES;
				CLANG_WARN_BLOCK_CAPTURE_AUTORELEASING = YES;
				CLANG_WARN_BOOL_CONVERSION = YES;
				CLANG_WARN_COMMA = YES;
				CLANG_WARN_CONSTANT_CONVERSION = YES;
				CLANG_WARN_DIRECT_OBJC_ISA_USAGE = YES_ERROR;
				CLANG_WARN_DOCUMENTATION_COMMENTS = YES;
				CLANG_WARN_EMPTY_BODY = YES;
				CLANG_WARN_ENUM_CONVERSION = YES;
				CLANG_WARN_INFINITE_RECURSION = YES;
				CLANG_WARN_INT_CONVERSION = YES;
				CLANG_WARN_NON_LITERAL_NULL_CONVERSION = YES;
				CLANG_WARN_OBJC_LITERAL_CONVERSION = YES;
				CLANG_WARN_OBJC_ROOT_CLASS = YES_ERROR;
				CLANG_WARN_RANGE_LOOP_ANALYSIS = YES;
				CLANG_WARN_STRICT_PROTOTYPES = YES;
				CLANG_WARN_SUSPICIOUS_MOVE = YES;
				CLANG_WARN_UNREACHABLE_CODE = YES;
				CLANG_WARN__DUPLICATE_METHOD_MATCH = YES;
				CODE_SIGN_IDENTITY = "-";
				COPY_PHASE_STRIP = NO;
				DEBUG_INFORMATION_FORMAT = dwarf;
				ENABLE_STRICT_OBJC_MSGSEND = YES;
				ENABLE_TESTABILITY = YES;
				GCC_C_LANGUAGE_STANDARD = gnu99;
				GCC_DYNAMIC_NO_PIC = NO;
				GCC_NO_COMMON_BLOCKS = YES;
				GCC_OPTIMIZATION_LEVEL = 0;
				GCC_PREPROCESSOR_DEFINITIONS = (
					"DEBUG=1",
					"$(inherited)",
				);
				GCC_WARN_64_TO_32_BIT_CONVERSION = YES;
				GCC_WARN_ABOUT_RETURN_TYPE = YES_ERROR;
				GCC_WARN_UNDECLARED_SELECTOR = YES;
				GCC_WARN_UNINITIALIZED_AUTOS = YES_AGGRESSIVE;
				GCC_WARN_UNUSED_FUNCTION = YES;
				GCC_WARN_UNUSED_VARIABLE = YES;
				MACOSX_DEPLOYMENT_TARGET = 10.13;
				MTL_ENABLE_DEBUG_INFO = YES;
				ONLY_ACTIVE_ARCH = YES;
				SDKROOT = macosx;
				SWIFT_ACTIVE_COMPILATION_CONDITIONS = DEBUG;
				SWIFT_OPTIMIZATION_LEVEL = "-Onone";
			};
			name = Debug;
		};
		EC6E38501F727CCF00CE98B9 /* Release */ = {
			isa = XCBuildConfiguration;
			buildSettings = {
				ALWAYS_SEARCH_USER_PATHS = NO;
				CLANG_ANALYZER_NONNULL = YES;
				CLANG_ANALYZER_NUMBER_OBJECT_CONVERSION = YES_AGGRESSIVE;
				CLANG_CXX_LANGUAGE_STANDARD = "gnu++0x";
				CLANG_CXX_LIBRARY = "libc++";
				CLANG_ENABLE_MODULES = YES;
				CLANG_ENABLE_OBJC_ARC = YES;
				CLANG_WARN_BLOCK_CAPTURE_AUTORELEASING = YES;
				CLANG_WARN_BOOL_CONVERSION = YES;
				CLANG_WARN_COMMA = YES;
				CLANG_WARN_CONSTANT_CONVERSION = YES;
				CLANG_WARN_DIRECT_OBJC_ISA_USAGE = YES_ERROR;
				CLANG_WARN_DOCUMENTATION_COMMENTS = YES;
				CLANG_WARN_EMPTY_BODY = YES;
				CLANG_WARN_ENUM_CONVERSION = YES;
				CLANG_WARN_INFINITE_RECURSION = YES;
				CLANG_WARN_INT_CONVERSION = YES;
				CLANG_WARN_NON_LITERAL_NULL_CONVERSION = YES;
				CLANG_WARN_OBJC_LITERAL_CONVERSION = YES;
				CLANG_WARN_OBJC_ROOT_CLASS = YES_ERROR;
				CLANG_WARN_RANGE_LOOP_ANALYSIS = YES;
				CLANG_WARN_STRICT_PROTOTYPES = YES;
				CLANG_WARN_SUSPICIOUS_MOVE = YES;
				CLANG_WARN_UNREACHABLE_CODE = YES;
				CLANG_WARN__DUPLICATE_METHOD_MATCH = YES;
				CODE_SIGN_IDENTITY = "-";
				COPY_PHASE_STRIP = NO;
				DEBUG_INFORMATION_FORMAT = "dwarf-with-dsym";
				ENABLE_NS_ASSERTIONS = NO;
				ENABLE_STRICT_OBJC_MSGSEND = YES;
				GCC_C_LANGUAGE_STANDARD = gnu99;
				GCC_NO_COMMON_BLOCKS = YES;
				GCC_WARN_64_TO_32_BIT_CONVERSION = YES;
				GCC_WARN_ABOUT_RETURN_TYPE = YES_ERROR;
				GCC_WARN_UNDECLARED_SELECTOR = YES;
				GCC_WARN_UNINITIALIZED_AUTOS = YES_AGGRESSIVE;
				GCC_WARN_UNUSED_FUNCTION = YES;
				GCC_WARN_UNUSED_VARIABLE = YES;
				MACOSX_DEPLOYMENT_TARGET = 10.13;
				MTL_ENABLE_DEBUG_INFO = NO;
				SDKROOT = macosx;
				SWIFT_OPTIMIZATION_LEVEL = "-Owholemodule";
			};
			name = Release;
		};
		EC6E38521F727CCF00CE98B9 /* Debug */ = {
			isa = XCBuildConfiguration;
			buildSettings = {
				ASSETCATALOG_COMPILER_APPICON_NAME = AppIcon;
				COMBINE_HIDPI_IMAGES = YES;
				INFOPLIST_FILE = MOBI/Info.plist;
				LD_RUNPATH_SEARCH_PATHS = "$(inherited) @executable_path/../Frameworks";
				PRODUCT_BUNDLE_IDENTIFIER = MB.MOBI;
				PRODUCT_NAME = "$(TARGET_NAME)";
				SWIFT_SWIFT3_OBJC_INFERENCE = On;
				SWIFT_VERSION = 4.0;
			};
			name = Debug;
		};
		EC6E38531F727CCF00CE98B9 /* Release */ = {
			isa = XCBuildConfiguration;
			buildSettings = {
				ASSETCATALOG_COMPILER_APPICON_NAME = AppIcon;
				COMBINE_HIDPI_IMAGES = YES;
				INFOPLIST_FILE = MOBI/Info.plist;
				LD_RUNPATH_SEARCH_PATHS = "$(inherited) @executable_path/../Frameworks";
				PRODUCT_BUNDLE_IDENTIFIER = MB.MOBI;
				PRODUCT_NAME = "$(TARGET_NAME)";
				SWIFT_SWIFT3_OBJC_INFERENCE = On;
				SWIFT_VERSION = 4.0;
			};
			name = Release;
		};
/* End XCBuildConfiguration section */

/* Begin XCConfigurationList section */
		EC6E383D1F727CCF00CE98B9 /* Build configuration list for PBXProject "MOBI" */ = {
			isa = XCConfigurationList;
			buildConfigurations = (
				EC6E384F1F727CCF00CE98B9 /* Debug */,
				EC6E38501F727CCF00CE98B9 /* Release */,
			);
			defaultConfigurationIsVisible = 0;
			defaultConfigurationName = Release;
		};
		EC6E38511F727CCF00CE98B9 /* Build configuration list for PBXNativeTarget "MOBI" */ = {
			isa = XCConfigurationList;
			buildConfigurations = (
				EC6E38521F727CCF00CE98B9 /* Debug */,
				EC6E38531F727CCF00CE98B9 /* Release */,
			);
			defaultConfigurationIsVisible = 0;
			defaultConfigurationName = Release;
		};
/* End XCConfigurationList section */
	};
	rootObject = EC6E383A1F727CCF00CE98B9 /* Project object */;
}
